
Microsoft Visual Studio Solution File, Format Version 12.00
# Visual Studio Version 17
VisualStudioVersion = 17.2.32616.157
MinimumVisualStudioVersion = 10.0.40219.1
Project("{9A19103F-16F7-4668-BE54-9A1E7A4F7556}") = "Un1ver5e.Web.III.Server", "Un1ver5e.Web.III\Server\Un1ver5e.Web.III.Server.csproj", "{B2D0C06A-9DDD-4650-B49F-999156CFADC9}"
EndProject
Project("{9A19103F-16F7-4668-BE54-9A1E7A4F7556}") = "Un1ver5e.Web.III.Client", "Un1ver5e.Web.III\Client\Un1ver5e.Web.III.Client.csproj", "{627BC784-45F5-490E-8874-E4148928D63E}"
EndProject
Project("{9A19103F-16F7-4668-BE54-9A1E7A4F7556}") = "Un1ver5e.Web.III.Shared", "Un1ver5e.Web.III\Shared\Un1ver5e.Web.III.Shared.csproj", "{3131DD5E-3A89-41B5-A073-B11D4993E3DB}"
EndProject
Global
	GlobalSection(SolutionConfigurationPlatforms) = preSolution
		Debug|Any CPU = Debug|Any CPU
		Release|Any CPU = Release|Any CPU
	EndGlobalSection
	GlobalSection(ProjectConfigurationPlatforms) = postSolution
		{B2D0C06A-9DDD-4650-B49F-999156CFADC9}.Debug|Any CPU.ActiveCfg = Debug|Any CPU
		{B2D0C06A-9DDD-4650-B49F-999156CFADC9}.Debug|Any CPU.Build.0 = Debug|Any CPU
		{B2D0C06A-9DDD-4650-B49F-999156CFADC9}.Release|Any CPU.ActiveCfg = Release|Any CPU
		{B2D0C06A-9DDD-4650-B49F-999156CFADC9}.Release|Any CPU.Build.0 = Release|Any CPU
		{627BC784-45F5-490E-8874-E4148928D63E}.Debug|Any CPU.ActiveCfg = Debug|Any CPU
		{627BC784-45F5-490E-8874-E4148928D63E}.Debug|Any CPU.Build.0 = Debug|Any CPU
		{627BC784-45F5-490E-8874-E4148928D63E}.Release|Any CPU.ActiveCfg = Release|Any CPU
		{627BC784-45F5-490E-8874-E4148928D63E}.Release|Any CPU.Build.0 = Release|Any CPU
		{3131DD5E-3A89-41B5-A073-B11D4993E3DB}.Debug|Any CPU.ActiveCfg = Debug|Any CPU
		{3131DD5E-3A89-41B5-A073-B11D4993E3DB}.Debug|Any CPU.Build.0 = Debug|Any CPU
		{3131DD5E-3A89-41B5-A073-B11D4993E3DB}.Release|Any CPU.ActiveCfg = Release|Any CPU
		{3131DD5E-3A89-41B5-A073-B11D4993E3DB}.Release|Any CPU.Build.0 = Release|Any CPU
	EndGlobalSection
	GlobalSection(SolutionProperties) = preSolution
		HideSolutionNode = FALSE
	EndGlobalSection
	GlobalSection(ExtensibilityGlobals) = postSolution
		SolutionGuid = {D2D4F952-952F-4925-B940-6C9C86B17702}
	EndGlobalSection
EndGlobal
